
Microsoft Visual Studio Solution File, Format Version 12.00
# Visual Studio 15
VisualStudioVersion = 15.0.27428.2005
MinimumVisualStudioVersion = 10.0.40219.1
Project("{FAE04EC0-301F-11D3-BF4B-00C04F79EFBC}") = "CourseManager.Web", "CourseManager.Web\CourseManager.Web.csproj", "{1BAA4E76-BFC3-4C70-B38A-E6A79A7DCBD5}"
EndProject
Project("{FAE04EC0-301F-11D3-BF4B-00C04F79EFBC}") = "CourseManager.Core", "CourseManager.Core\CourseManager.Core.csproj", "{5D14A6EA-C377-4A0C-BDAE-346A358BAF01}"
EndProject
Global
	GlobalSection(SolutionConfigurationPlatforms) = preSolution
		Debug|Any CPU = Debug|Any CPU
		Release|Any CPU = Release|Any CPU
	EndGlobalSection
	GlobalSection(ProjectConfigurationPlatforms) = postSolution
		{1BAA4E76-BFC3-4C70-B38A-E6A79A7DCBD5}.Debug|Any CPU.ActiveCfg = Debug|Any CPU
		{1BAA4E76-BFC3-4C70-B38A-E6A79A7DCBD5}.Debug|Any CPU.Build.0 = Debug|Any CPU
		{1BAA4E76-BFC3-4C70-B38A-E6A79A7DCBD5}.Release|Any CPU.ActiveCfg = Release|Any CPU
		{1BAA4E76-BFC3-4C70-B38A-E6A79A7DCBD5}.Release|Any CPU.Build.0 = Release|Any CPU
		{5D14A6EA-C377-4A0C-BDAE-346A358BAF01}.Debug|Any CPU.ActiveCfg = Debug|Any CPU
		{5D14A6EA-C377-4A0C-BDAE-346A358BAF01}.Debug|Any CPU.Build.0 = Debug|Any CPU
		{5D14A6EA-C377-4A0C-BDAE-346A358BAF01}.Release|Any CPU.ActiveCfg = Release|Any CPU
		{5D14A6EA-C377-4A0C-BDAE-346A358BAF01}.Release|Any CPU.Build.0 = Release|Any CPU
	EndGlobalSection
	GlobalSection(SolutionProperties) = preSolution
		HideSolutionNode = FALSE
	EndGlobalSection
	GlobalSection(ExtensibilityGlobals) = postSolution
		SolutionGuid = {AE1E3C44-4A65-4973-9523-035B0918BBC1}
	EndGlobalSection
EndGlobal
